// !$*UTF8*$!
{
	archiveVersion = 1;
	classes = {
	};
	objectVersion = 50;
	objects = {

/* Begin PBXBuildFile section */
		11F086F329D78E0175AA42CA /* Pods_treehuggr.framework in Frameworks */ = {isa = PBXBuildFile; fileRef = 261B1F73AB0CD3A244B2C273 /* Pods_treehuggr.framework */; };
		FB4E7F48218EAD8E005BC547 /* AppDelegate.swift in Sources */ = {isa = PBXBuildFile; fileRef = FB4E7F47218EAD8E005BC547 /* AppDelegate.swift */; };
		FB4E7F4A218EAD8E005BC547 /* ViewController.swift in Sources */ = {isa = PBXBuildFile; fileRef = FB4E7F49218EAD8E005BC547 /* ViewController.swift */; };
		FB4E7F4D218EAD8E005BC547 /* Main.storyboard in Resources */ = {isa = PBXBuildFile; fileRef = FB4E7F4B218EAD8E005BC547 /* Main.storyboard */; };
		FB4E7F4F218EAD91005BC547 /* Assets.xcassets in Resources */ = {isa = PBXBuildFile; fileRef = FB4E7F4E218EAD91005BC547 /* Assets.xcassets */; };
		FB4E7F52218EAD91005BC547 /* LaunchScreen.storyboard in Resources */ = {isa = PBXBuildFile; fileRef = FB4E7F50218EAD91005BC547 /* LaunchScreen.storyboard */; };
		FB4E7F5A218EB60F005BC547 /* logo.png in Resources */ = {isa = PBXBuildFile; fileRef = FB4E7F59218EB60F005BC547 /* logo.png */; };
		FB4E7F5C218EB928005BC547 /* rainforest_background.png in Resources */ = {isa = PBXBuildFile; fileRef = FB4E7F5B218EB928005BC547 /* rainforest_background.png */; };
		FB4E7F5E218EBE24005BC547 /* PayPalViewController.swift in Sources */ = {isa = PBXBuildFile; fileRef = FB4E7F5D218EBE24005BC547 /* PayPalViewController.swift */; };
		FB4E7F60218ECA46005BC547 /* paypal.html in Resources */ = {isa = PBXBuildFile; fileRef = FB4E7F5F218ECA46005BC547 /* paypal.html */; };
		FB4E7F64218ED927005BC547 /* MapViewController.swift in Sources */ = {isa = PBXBuildFile; fileRef = FB4E7F63218ED927005BC547 /* MapViewController.swift */; };
/* End PBXBuildFile section */

/* Begin PBXFileReference section */
		02F55917CDB86A7C7AF338A4 /* Pods-treehuggr.release.xcconfig */ = {isa = PBXFileReference; includeInIndex = 1; lastKnownFileType = text.xcconfig; name = "Pods-treehuggr.release.xcconfig"; path = "Pods/Target Support Files/Pods-treehuggr/Pods-treehuggr.release.xcconfig"; sourceTree = "<group>"; };
		261B1F73AB0CD3A244B2C273 /* Pods_treehuggr.framework */ = {isa = PBXFileReference; explicitFileType = wrapper.framework; includeInIndex = 0; path = Pods_treehuggr.framework; sourceTree = BUILT_PRODUCTS_DIR; };
		7674F08EA758F826EF4C8ED8 /* Pods-treehuggr.debug.xcconfig */ = {isa = PBXFileReference; includeInIndex = 1; lastKnownFileType = text.xcconfig; name = "Pods-treehuggr.debug.xcconfig"; path = "Pods/Target Support Files/Pods-treehuggr/Pods-treehuggr.debug.xcconfig"; sourceTree = "<group>"; };
		FB4E7F44218EAD8E005BC547 /* treehuggr.app */ = {isa = PBXFileReference; explicitFileType = wrapper.application; includeInIndex = 0; path = treehuggr.app; sourceTree = BUILT_PRODUCTS_DIR; };
		FB4E7F47218EAD8E005BC547 /* AppDelegate.swift */ = {isa = PBXFileReference; lastKnownFileType = sourcecode.swift; path = AppDelegate.swift; sourceTree = "<group>"; };
		FB4E7F49218EAD8E005BC547 /* ViewController.swift */ = {isa = PBXFileReference; lastKnownFileType = sourcecode.swift; path = ViewController.swift; sourceTree = "<group>"; };
		FB4E7F4C218EAD8E005BC547 /* Base */ = {isa = PBXFileReference; lastKnownFileType = file.storyboard; name = Base; path = Base.lproj/Main.storyboard; sourceTree = "<group>"; };
		FB4E7F4E218EAD91005BC547 /* Assets.xcassets */ = {isa = PBXFileReference; lastKnownFileType = folder.assetcatalog; path = Assets.xcassets; sourceTree = "<group>"; };
		FB4E7F51218EAD91005BC547 /* Base */ = {isa = PBXFileReference; lastKnownFileType = file.storyboard; name = Base; path = Base.lproj/LaunchScreen.storyboard; sourceTree = "<group>"; };
		FB4E7F53218EAD91005BC547 /* Info.plist */ = {isa = PBXFileReference; lastKnownFileType = text.plist.xml; path = Info.plist; sourceTree = "<group>"; };
		FB4E7F59218EB60F005BC547 /* logo.png */ = {isa = PBXFileReference; lastKnownFileType = image.png; path = logo.png; sourceTree = "<group>"; };
		FB4E7F5B218EB928005BC547 /* rainforest_background.png */ = {isa = PBXFileReference; lastKnownFileType = image.png; path = rainforest_background.png; sourceTree = "<group>"; };
		FB4E7F5D218EBE24005BC547 /* PayPalViewController.swift */ = {isa = PBXFileReference; lastKnownFileType = sourcecode.swift; path = PayPalViewController.swift; sourceTree = "<group>"; };
		FB4E7F5F218ECA46005BC547 /* paypal.html */ = {isa = PBXFileReference; lastKnownFileType = text.html; path = paypal.html; sourceTree = "<group>"; };
		FB4E7F63218ED927005BC547 /* MapViewController.swift */ = {isa = PBXFileReference; lastKnownFileType = sourcecode.swift; path = MapViewController.swift; sourceTree = "<group>"; };
/* End PBXFileReference section */

/* Begin PBXFrameworksBuildPhase section */
		FB4E7F41218EAD8E005BC547 /* Frameworks */ = {
			isa = PBXFrameworksBuildPhase;
			buildActionMask = 2147483647;
			files = (
				11F086F329D78E0175AA42CA /* Pods_treehuggr.framework in Frameworks */,
			);
			runOnlyForDeploymentPostprocessing = 0;
		};
/* End PBXFrameworksBuildPhase section */

/* Begin PBXGroup section */
		6A0E225A7ACAD6B014883568 /* Frameworks */ = {
			isa = PBXGroup;
			children = (
				261B1F73AB0CD3A244B2C273 /* Pods_treehuggr.framework */,
			);
			name = Frameworks;
			sourceTree = "<group>";
		};
		6CEC4C95E57FA524D0974BA1 /* Pods */ = {
			isa = PBXGroup;
			children = (
				7674F08EA758F826EF4C8ED8 /* Pods-treehuggr.debug.xcconfig */,
				02F55917CDB86A7C7AF338A4 /* Pods-treehuggr.release.xcconfig */,
			);
			name = Pods;
			sourceTree = "<group>";
		};
		FB4E7F3B218EAD8E005BC547 = {
			isa = PBXGroup;
			children = (
				FB4E7F46218EAD8E005BC547 /* treehuggr */,
				FB4E7F45218EAD8E005BC547 /* Products */,
				6CEC4C95E57FA524D0974BA1 /* Pods */,
				6A0E225A7ACAD6B014883568 /* Frameworks */,
			);
			sourceTree = "<group>";
		};
		FB4E7F45218EAD8E005BC547 /* Products */ = {
			isa = PBXGroup;
			children = (
				FB4E7F44218EAD8E005BC547 /* treehuggr.app */,
			);
			name = Products;
			sourceTree = "<group>";
		};
		FB4E7F46218EAD8E005BC547 /* treehuggr */ = {
			isa = PBXGroup;
			children = (
				FB4E7F5B218EB928005BC547 /* rainforest_background.png */,
				FB4E7F59218EB60F005BC547 /* logo.png */,
				FB4E7F5F218ECA46005BC547 /* paypal.html */,
				FB4E7F61218ECA78005BC547 /* ViewControllers */,
				FB4E7F47218EAD8E005BC547 /* AppDelegate.swift */,
				FB4E7F4B218EAD8E005BC547 /* Main.storyboard */,
				FB4E7F4E218EAD91005BC547 /* Assets.xcassets */,
				FB4E7F50218EAD91005BC547 /* LaunchScreen.storyboard */,
				FB4E7F53218EAD91005BC547 /* Info.plist */,
			);
			path = treehuggr;
			sourceTree = "<group>";
		};
		FB4E7F61218ECA78005BC547 /* ViewControllers */ = {
			isa = PBXGroup;
			children = (
				FB4E7F49218EAD8E005BC547 /* ViewController.swift */,
				FB4E7F5D218EBE24005BC547 /* PayPalViewController.swift */,
				FB4E7F63218ED927005BC547 /* MapViewController.swift */,
			);
			path = ViewControllers;
			sourceTree = "<group>";
		};
/* End PBXGroup section */

/* Begin PBXNativeTarget section */
		FB4E7F43218EAD8E005BC547 /* treehuggr */ = {
			isa = PBXNativeTarget;
			buildConfigurationList = FB4E7F56218EAD91005BC547 /* Build configuration list for PBXNativeTarget "treehuggr" */;
			buildPhases = (
				EE7ECEAABB934D98F538FB46 /* [CP] Check Pods Manifest.lock */,
				FB4E7F40218EAD8E005BC547 /* Sources */,
				FB4E7F41218EAD8E005BC547 /* Frameworks */,
				FB4E7F42218EAD8E005BC547 /* Resources */,
				D30AA8DE46449C0AD7B283C2 /* [CP] Copy Pods Resources */,
			);
			buildRules = (
			);
			dependencies = (
			);
			name = treehuggr;
			productName = treehuggr;
			productReference = FB4E7F44218EAD8E005BC547 /* treehuggr.app */;
			productType = "com.apple.product-type.application";
		};
/* End PBXNativeTarget section */

/* Begin PBXProject section */
		FB4E7F3C218EAD8E005BC547 /* Project object */ = {
			isa = PBXProject;
			attributes = {
				LastSwiftUpdateCheck = 1010;
				LastUpgradeCheck = 1010;
				ORGANIZATIONNAME = nafehshoaib;
				TargetAttributes = {
					FB4E7F43218EAD8E005BC547 = {
						CreatedOnToolsVersion = 10.1;
					};
				};
			};
			buildConfigurationList = FB4E7F3F218EAD8E005BC547 /* Build configuration list for PBXProject "treehuggr" */;
			compatibilityVersion = "Xcode 9.3";
			developmentRegion = en;
			hasScannedForEncodings = 0;
			knownRegions = (
				en,
				Base,
			);
			mainGroup = FB4E7F3B218EAD8E005BC547;
			productRefGroup = FB4E7F45218EAD8E005BC547 /* Products */;
			projectDirPath = "";
			projectRoot = "";
			targets = (
				FB4E7F43218EAD8E005BC547 /* treehuggr */,
			);
		};
/* End PBXProject section */

/* Begin PBXResourcesBuildPhase section */
		FB4E7F42218EAD8E005BC547 /* Resources */ = {
			isa = PBXResourcesBuildPhase;
			buildActionMask = 2147483647;
			files = (
				FB4E7F5C218EB928005BC547 /* rainforest_background.png in Resources */,
				FB4E7F60218ECA46005BC547 /* paypal.html in Resources */,
				FB4E7F5A218EB60F005BC547 /* logo.png in Resources */,
				FB4E7F52218EAD91005BC547 /* LaunchScreen.storyboard in Resources */,
				FB4E7F4F218EAD91005BC547 /* Assets.xcassets in Resources */,
				FB4E7F4D218EAD8E005BC547 /* Main.storyboard in Resources */,
			);
			runOnlyForDeploymentPostprocessing = 0;
		};
/* End PBXResourcesBuildPhase section */

/* Begin PBXShellScriptBuildPhase section */
		D30AA8DE46449C0AD7B283C2 /* [CP] Copy Pods Resources */ = {
			isa = PBXShellScriptBuildPhase;
			buildActionMask = 2147483647;
			files = (
			);
			inputPaths = (
				"${SRCROOT}/Pods/Target Support Files/Pods-treehuggr/Pods-treehuggr-resources.sh",
				"${PODS_ROOT}/GoogleMaps/Maps/Frameworks/GoogleMaps.framework/Resources/GoogleMaps.bundle",
			);
			name = "[CP] Copy Pods Resources";
			outputPaths = (
				"${TARGET_BUILD_DIR}/${UNLOCALIZED_RESOURCES_FOLDER_PATH}/GoogleMaps.bundle",
			);
			runOnlyForDeploymentPostprocessing = 0;
			shellPath = /bin/sh;
			shellScript = "\"${SRCROOT}/Pods/Target Support Files/Pods-treehuggr/Pods-treehuggr-resources.sh\"\n";
			showEnvVarsInLog = 0;
		};
		EE7ECEAABB934D98F538FB46 /* [CP] Check Pods Manifest.lock */ = {
			isa = PBXShellScriptBuildPhase;
			buildActionMask = 2147483647;
			files = (
			);
			inputPaths = (
				"${PODS_PODFILE_DIR_PATH}/Podfile.lock",
				"${PODS_ROOT}/Manifest.lock",
			);
			name = "[CP] Check Pods Manifest.lock";
			outputPaths = (
				"$(DERIVED_FILE_DIR)/Pods-treehuggr-checkManifestLockResult.txt",
			);
			runOnlyForDeploymentPostprocessing = 0;
			shellPath = /bin/sh;
			shellScript = "diff \"${PODS_PODFILE_DIR_PATH}/Podfile.lock\" \"${PODS_ROOT}/Manifest.lock\" > /dev/null\nif [ $? != 0 ] ; then\n    # print error to STDERR\n    echo \"error: The sandbox is not in sync with the Podfile.lock. Run 'pod install' or update your CocoaPods installation.\" >&2\n    exit 1\nfi\n# This output is used by Xcode 'outputs' to avoid re-running this script phase.\necho \"SUCCESS\" > \"${SCRIPT_OUTPUT_FILE_0}\"\n";
			showEnvVarsInLog = 0;
		};
/* End PBXShellScriptBuildPhase section */

/* Begin PBXSourcesBuildPhase section */
		FB4E7F40218EAD8E005BC547 /* Sources */ = {
			isa = PBXSourcesBuildPhase;
			buildActionMask = 2147483647;
			files = (
				FB4E7F4A218EAD8E005BC547 /* ViewController.swift in Sources */,
				FB4E7F5E218EBE24005BC547 /* PayPalViewController.swift in Sources */,
				FB4E7F48218EAD8E005BC547 /* AppDelegate.swift in Sources */,
				FB4E7F64218ED927005BC547 /* MapViewController.swift in Sources */,
			);
			runOnlyForDeploymentPostprocessing = 0;
		};
/* End PBXSourcesBuildPhase section */

/* Begin PBXVariantGroup section */
		FB4E7F4B218EAD8E005BC547 /* Main.storyboard */ = {
			isa = PBXVariantGroup;
			children = (
				FB4E7F4C218EAD8E005BC547 /* Base */,
			);
			name = Main.storyboard;
			sourceTree = "<group>";
		};
		FB4E7F50218EAD91005BC547 /* LaunchScreen.storyboard */ = {
			isa = PBXVariantGroup;
			children = (
				FB4E7F51218EAD91005BC547 /* Base */,
			);
			name = LaunchScreen.storyboard;
			sourceTree = "<group>";
		};
/* End PBXVariantGroup section */

/* Begin XCBuildConfiguration section */
		FB4E7F54218EAD91005BC547 /* Debug */ = {
			isa = XCBuildConfiguration;
			buildSettings = {
				ALWAYS_SEARCH_USER_PATHS = NO;
				CLANG_ANALYZER_NONNULL = YES;
				CLANG_ANALYZER_NUMBER_OBJECT_CONVERSION = YES_AGGRESSIVE;
				CLANG_CXX_LANGUAGE_STANDARD = "gnu++14";
				CLANG_CXX_LIBRARY = "libc++";
				CLANG_ENABLE_MODULES = YES;
				CLANG_ENABLE_OBJC_ARC = YES;
				CLANG_ENABLE_OBJC_WEAK = YES;
				CLANG_WARN_BLOCK_CAPTURE_AUTORELEASING = YES;
				CLANG_WARN_BOOL_CONVERSION = YES;
				CLANG_WARN_COMMA = YES;
				CLANG_WARN_CONSTANT_CONVERSION = YES;
				CLANG_WARN_DEPRECATED_OBJC_IMPLEMENTATIONS = YES;
				CLANG_WARN_DIRECT_OBJC_ISA_USAGE = YES_ERROR;
				CLANG_WARN_DOCUMENTATION_COMMENTS = YES;
				CLANG_WARN_EMPTY_BODY = YES;
				CLANG_WARN_ENUM_CONVERSION = YES;
				CLANG_WARN_INFINITE_RECURSION = YES;
				CLANG_WARN_INT_CONVERSION = YES;
				CLANG_WARN_NON_LITERAL_NULL_CONVERSION = YES;
				CLANG_WARN_OBJC_IMPLICIT_RETAIN_SELF = YES;
				CLANG_WARN_OBJC_LITERAL_CONVERSION = YES;
				CLANG_WARN_OBJC_ROOT_CLASS = YES_ERROR;
				CLANG_WARN_RANGE_LOOP_ANALYSIS = YES;
				CLANG_WARN_STRICT_PROTOTYPES = YES;
				CLANG_WARN_SUSPICIOUS_MOVE = YES;
				CLANG_WARN_UNGUARDED_AVAILABILITY = YES_AGGRESSIVE;
				CLANG_WARN_UNREACHABLE_CODE = YES;
				CLANG_WARN__DUPLICATE_METHOD_MATCH = YES;
				CODE_SIGN_IDENTITY = "iPhone Developer";
				COPY_PHASE_STRIP = NO;
				DEBUG_INFORMATION_FORMAT = dwarf;
				ENABLE_STRICT_OBJC_MSGSEND = YES;
				ENABLE_TESTABILITY = YES;
				GCC_C_LANGUAGE_STANDARD = gnu11;
				GCC_DYNAMIC_NO_PIC = NO;
				GCC_NO_COMMON_BLOCKS = YES;
				GCC_OPTIMIZATION_LEVEL = 0;
				GCC_PREPROCESSOR_DEFINITIONS = (
					"DEBUG=1",
					"$(inherited)",
				);
				GCC_WARN_64_TO_32_BIT_CONVERSION = YES;
				GCC_WARN_ABOUT_RETURN_TYPE = YES_ERROR;
				GCC_WARN_UNDECLARED_SELECTOR = YES;
				GCC_WARN_UNINITIALIZED_AUTOS = YES_AGGRESSIVE;
				GCC_WARN_UNUSED_FUNCTION = YES;
				GCC_WARN_UNUSED_VARIABLE = YES;
				IPHONEOS_DEPLOYMENT_TARGET = 12.1;
				MTL_ENABLE_DEBUG_INFO = INCLUDE_SOURCE;
				MTL_FAST_MATH = YES;
				ONLY_ACTIVE_ARCH = YES;
				SDKROOT = iphoneos;
				SWIFT_ACTIVE_COMPILATION_CONDITIONS = DEBUG;
				SWIFT_OPTIMIZATION_LEVEL = "-Onone";
			};
			name = Debug;
		};
		FB4E7F55218EAD91005BC547 /* Release */ = {
			isa = XCBuildConfiguration;
			buildSettings = {
				ALWAYS_SEARCH_USER_PATHS = NO;
				CLANG_ANALYZER_NONNULL = YES;
				CLANG_ANALYZER_NUMBER_OBJECT_CONVERSION = YES_AGGRESSIVE;
				CLANG_CXX_LANGUAGE_STANDARD = "gnu++14";
				CLANG_CXX_LIBRARY = "libc++";
				CLANG_ENABLE_MODULES = YES;
				CLANG_ENABLE_OBJC_ARC = YES;
				CLANG_ENABLE_OBJC_WEAK = YES;
				CLANG_WARN_BLOCK_CAPTURE_AUTORELEASING = YES;
				CLANG_WARN_BOOL_CONVERSION = YES;
				CLANG_WARN_COMMA = YES;
				CLANG_WARN_CONSTANT_CONVERSION = YES;
				CLANG_WARN_DEPRECATED_OBJC_IMPLEMENTATIONS = YES;
				CLANG_WARN_DIRECT_OBJC_ISA_USAGE = YES_ERROR;
				CLANG_WARN_DOCUMENTATION_COMMENTS = YES;
				CLANG_WARN_EMPTY_BODY = YES;
				CLANG_WARN_ENUM_CONVERSION = YES;
				CLANG_WARN_INFINITE_RECURSION = YES;
				CLANG_WARN_INT_CONVERSION = YES;
				CLANG_WARN_NON_LITERAL_NULL_CONVERSION = YES;
				CLANG_WARN_OBJC_IMPLICIT_RETAIN_SELF = YES;
				CLANG_WARN_OBJC_LITERAL_CONVERSION = YES;
				CLANG_WARN_OBJC_ROOT_CLASS = YES_ERROR;
				CLANG_WARN_RANGE_LOOP_ANALYSIS = YES;
				CLANG_WARN_STRICT_PROTOTYPES = YES;
				CLANG_WARN_SUSPICIOUS_MOVE = YES;
				CLANG_WARN_UNGUARDED_AVAILABILITY = YES_AGGRESSIVE;
				CLANG_WARN_UNREACHABLE_CODE = YES;
				CLANG_WARN__DUPLICATE_METHOD_MATCH = YES;
				CODE_SIGN_IDENTITY = "iPhone Developer";
				COPY_PHASE_STRIP = NO;
				DEBUG_INFORMATION_FORMAT = "dwarf-with-dsym";
				ENABLE_NS_ASSERTIONS = NO;
				ENABLE_STRICT_OBJC_MSGSEND = YES;
				GCC_C_LANGUAGE_STANDARD = gnu11;
				GCC_NO_COMMON_BLOCKS = YES;
				GCC_WARN_64_TO_32_BIT_CONVERSION = YES;
				GCC_WARN_ABOUT_RETURN_TYPE = YES_ERROR;
				GCC_WARN_UNDECLARED_SELECTOR = YES;
				GCC_WARN_UNINITIALIZED_AUTOS = YES_AGGRESSIVE;
				GCC_WARN_UNUSED_FUNCTION = YES;
				GCC_WARN_UNUSED_VARIABLE = YES;
				IPHONEOS_DEPLOYMENT_TARGET = 12.1;
				MTL_ENABLE_DEBUG_INFO = NO;
				MTL_FAST_MATH = YES;
				SDKROOT = iphoneos;
				SWIFT_COMPILATION_MODE = wholemodule;
				SWIFT_OPTIMIZATION_LEVEL = "-O";
				VALIDATE_PRODUCT = YES;
			};
			name = Release;
		};
		FB4E7F57218EAD91005BC547 /* Debug */ = {
			isa = XCBuildConfiguration;
			baseConfigurationReference = 7674F08EA758F826EF4C8ED8 /* Pods-treehuggr.debug.xcconfig */;
			buildSettings = {
				ASSETCATALOG_COMPILER_APPICON_NAME = AppIcon;
				CODE_SIGN_STYLE = Automatic;
				DEVELOPMENT_TEAM = S4W4S3W3Y3;
				INFOPLIST_FILE = treehuggr/Info.plist;
				LD_RUNPATH_SEARCH_PATHS = (
					"$(inherited)",
					"@executable_path/Frameworks",
				);
				PRODUCT_BUNDLE_IDENTIFIER = com.nafehshoaib.treehuggr;
				PRODUCT_NAME = "$(TARGET_NAME)";
				SWIFT_VERSION = 4.2;
				TARGETED_DEVICE_FAMILY = "1,2";
			};
			name = Debug;
		};
		FB4E7F58218EAD91005BC547 /* Release */ = {
			isa = XCBuildConfiguration;
			baseConfigurationReference = 02F55917CDB86A7C7AF338A4 /* Pods-treehuggr.release.xcconfig */;
			buildSettings = {
				ASSETCATALOG_COMPILER_APPICON_NAME = AppIcon;
				CODE_SIGN_STYLE = Automatic;
				DEVELOPMENT_TEAM = S4W4S3W3Y3;
				INFOPLIST_FILE = treehuggr/Info.plist;
				LD_RUNPATH_SEARCH_PATHS = (
					"$(inherited)",
					"@executable_path/Frameworks",
				);
				PRODUCT_BUNDLE_IDENTIFIER = com.nafehshoaib.treehuggr;
				PRODUCT_NAME = "$(TARGET_NAME)";
				SWIFT_VERSION = 4.2;
				TARGETED_DEVICE_FAMILY = "1,2";
			};
			name = Release;
		};
/* End XCBuildConfiguration section */

/* Begin XCConfigurationList section */
		FB4E7F3F218EAD8E005BC547 /* Build configuration list for PBXProject "treehuggr" */ = {
			isa = XCConfigurationList;
			buildConfigurations = (
				FB4E7F54218EAD91005BC547 /* Debug */,
				FB4E7F55218EAD91005BC547 /* Release */,
			);
			defaultConfigurationIsVisible = 0;
			defaultConfigurationName = Release;
		};
		FB4E7F56218EAD91005BC547 /* Build configuration list for PBXNativeTarget "treehuggr" */ = {
			isa = XCConfigurationList;
			buildConfigurations = (
				FB4E7F57218EAD91005BC547 /* Debug */,
				FB4E7F58218EAD91005BC547 /* Release */,
			);
			defaultConfigurationIsVisible = 0;
			defaultConfigurationName = Release;
		};
/* End XCConfigurationList section */
	};
	rootObject = FB4E7F3C218EAD8E005BC547 /* Project object */;
}
